
Microsoft Visual Studio Solution File, Format Version 12.00
# Visual Studio 2012
Project("{FAE04EC0-301F-11D3-BF4B-00C04F79EFBC}") = "TheySay.Excel", "TheySay.Excel\TheySay.Excel.csproj", "{6C1418F8-916E-4F1B-9DB6-BD2DDAC528F3}"
EndProject
Project("{FAE04EC0-301F-11D3-BF4B-00C04F79EFBC}") = "TheySay.Rest.Api", "TheySay.Rest.Api\TheySay.Rest.Api.csproj", "{74BDC560-E0CB-486B-A929-67D3729115AD}"
EndProject
Project("{FAE04EC0-301F-11D3-BF4B-00C04F79EFBC}") = "TheySay.Rest.Api.Test", "TheySay.Rest.Api.Test\TheySay.Rest.Api.Test.csproj", "{623F905D-B052-4D8F-B8D6-A8C02EA4E2E2}"
EndProject
Project("{FAE04EC0-301F-11D3-BF4B-00C04F79EFBC}") = "TheySay.Excel.Test", "TheySay.Excel.Test\TheySay.Excel.Test.csproj", "{3A49433C-937D-4B77-B26A-96E4E5123048}"
EndProject
Global
	GlobalSection(SolutionConfigurationPlatforms) = preSolution
		Debug|Any CPU = Debug|Any CPU
		Release|Any CPU = Release|Any CPU
	EndGlobalSection
	GlobalSection(ProjectConfigurationPlatforms) = postSolution
		{6C1418F8-916E-4F1B-9DB6-BD2DDAC528F3}.Debug|Any CPU.ActiveCfg = Debug|Any CPU
		{6C1418F8-916E-4F1B-9DB6-BD2DDAC528F3}.Debug|Any CPU.Build.0 = Debug|Any CPU
		{6C1418F8-916E-4F1B-9DB6-BD2DDAC528F3}.Release|Any CPU.ActiveCfg = Release|Any CPU
		{6C1418F8-916E-4F1B-9DB6-BD2DDAC528F3}.Release|Any CPU.Build.0 = Release|Any CPU
		{74BDC560-E0CB-486B-A929-67D3729115AD}.Debug|Any CPU.ActiveCfg = Debug|Any CPU
		{74BDC560-E0CB-486B-A929-67D3729115AD}.Debug|Any CPU.Build.0 = Debug|Any CPU
		{74BDC560-E0CB-486B-A929-67D3729115AD}.Release|Any CPU.ActiveCfg = Release|Any CPU
		{74BDC560-E0CB-486B-A929-67D3729115AD}.Release|Any CPU.Build.0 = Release|Any CPU
		{623F905D-B052-4D8F-B8D6-A8C02EA4E2E2}.Debug|Any CPU.ActiveCfg = Debug|Any CPU
		{623F905D-B052-4D8F-B8D6-A8C02EA4E2E2}.Debug|Any CPU.Build.0 = Debug|Any CPU
		{623F905D-B052-4D8F-B8D6-A8C02EA4E2E2}.Release|Any CPU.ActiveCfg = Release|Any CPU
		{623F905D-B052-4D8F-B8D6-A8C02EA4E2E2}.Release|Any CPU.Build.0 = Release|Any CPU
		{3A49433C-937D-4B77-B26A-96E4E5123048}.Debug|Any CPU.ActiveCfg = Debug|Any CPU
		{3A49433C-937D-4B77-B26A-96E4E5123048}.Debug|Any CPU.Build.0 = Debug|Any CPU
		{3A49433C-937D-4B77-B26A-96E4E5123048}.Release|Any CPU.ActiveCfg = Release|Any CPU
		{3A49433C-937D-4B77-B26A-96E4E5123048}.Release|Any CPU.Build.0 = Release|Any CPU
	EndGlobalSection
	GlobalSection(SolutionProperties) = preSolution
		HideSolutionNode = FALSE
	EndGlobalSection
EndGlobal
